// !$*UTF8*$!
{
	archiveVersion = 1;
	classes = {
	};
	objectVersion = 56;
	objects = {

/* Begin PBXBuildFile section */
		98171C802C92738A00491BC7 /* AppDelegate.swift in Sources */ = {isa = PBXBuildFile; fileRef = 98171C7F2C92738A00491BC7 /* AppDelegate.swift */; };
		98171C822C92738A00491BC7 /* SceneDelegate.swift in Sources */ = {isa = PBXBuildFile; fileRef = 98171C812C92738A00491BC7 /* SceneDelegate.swift */; };
		98171C872C92738A00491BC7 /* Main.storyboard in Resources */ = {isa = PBXBuildFile; fileRef = 98171C852C92738A00491BC7 /* Main.storyboard */; };
		98171C8A2C92738A00491BC7 /* CheetahPlantBank.xcdatamodeld in Sources */ = {isa = PBXBuildFile; fileRef = 98171C882C92738A00491BC7 /* CheetahPlantBank.xcdatamodeld */; };
		98171C8C2C92738D00491BC7 /* Assets.xcassets in Resources */ = {isa = PBXBuildFile; fileRef = 98171C8B2C92738D00491BC7 /* Assets.xcassets */; };
		98171C8F2C92738D00491BC7 /* LaunchScreen.storyboard in Resources */ = {isa = PBXBuildFile; fileRef = 98171C8D2C92738D00491BC7 /* LaunchScreen.storyboard */; };
		98171C972C9275AE00491BC7 /* PlantDetailsTableViewController.swift in Sources */ = {isa = PBXBuildFile; fileRef = 98171C962C9275AE00491BC7 /* PlantDetailsTableViewController.swift */; };
		9832BE632C9276B300E9C2DD /* PlantItem.swift in Sources */ = {isa = PBXBuildFile; fileRef = 9832BE622C9276B300E9C2DD /* PlantItem.swift */; };
		9832BE652C92775C00E9C2DD /* PlantTextTableViewController.swift in Sources */ = {isa = PBXBuildFile; fileRef = 9832BE642C92775C00E9C2DD /* PlantTextTableViewController.swift */; };
/* End PBXBuildFile section */

/* Begin PBXFileReference section */
		98171C7C2C92738A00491BC7 /* CheetahPlantBank.app */ = {isa = PBXFileReference; explicitFileType = wrapper.application; includeInIndex = 0; path = CheetahPlantBank.app; sourceTree = BUILT_PRODUCTS_DIR; };
		98171C7F2C92738A00491BC7 /* AppDelegate.swift */ = {isa = PBXFileReference; lastKnownFileType = sourcecode.swift; path = AppDelegate.swift; sourceTree = "<group>"; };
		98171C812C92738A00491BC7 /* SceneDelegate.swift */ = {isa = PBXFileReference; lastKnownFileType = sourcecode.swift; path = SceneDelegate.swift; sourceTree = "<group>"; };
		98171C862C92738A00491BC7 /* Base */ = {isa = PBXFileReference; lastKnownFileType = file.storyboard; name = Base; path = Base.lproj/Main.storyboard; sourceTree = "<group>"; };
		98171C892C92738A00491BC7 /* CheetahPlantBank.xcdatamodel */ = {isa = PBXFileReference; lastKnownFileType = wrapper.xcdatamodel; path = CheetahPlantBank.xcdatamodel; sourceTree = "<group>"; };
		98171C8B2C92738D00491BC7 /* Assets.xcassets */ = {isa = PBXFileReference; lastKnownFileType = folder.assetcatalog; path = Assets.xcassets; sourceTree = "<group>"; };
		98171C8E2C92738D00491BC7 /* Base */ = {isa = PBXFileReference; lastKnownFileType = file.storyboard; name = Base; path = Base.lproj/LaunchScreen.storyboard; sourceTree = "<group>"; };
		98171C902C92738D00491BC7 /* Info.plist */ = {isa = PBXFileReference; lastKnownFileType = text.plist.xml; path = Info.plist; sourceTree = "<group>"; };
		98171C962C9275AE00491BC7 /* PlantDetailsTableViewController.swift */ = {isa = PBXFileReference; lastKnownFileType = sourcecode.swift; path = PlantDetailsTableViewController.swift; sourceTree = "<group>"; };
		9832BE622C9276B300E9C2DD /* PlantItem.swift */ = {isa = PBXFileReference; lastKnownFileType = sourcecode.swift; path = PlantItem.swift; sourceTree = "<group>"; };
		9832BE642C92775C00E9C2DD /* PlantTextTableViewController.swift */ = {isa = PBXFileReference; lastKnownFileType = sourcecode.swift; path = PlantTextTableViewController.swift; sourceTree = "<group>"; };
/* End PBXFileReference section */

/* Begin PBXFrameworksBuildPhase section */
		98171C792C92738A00491BC7 /* Frameworks */ = {
			isa = PBXFrameworksBuildPhase;
			buildActionMask = 2147483647;
			files = (
			);
			runOnlyForDeploymentPostprocessing = 0;
		};
/* End PBXFrameworksBuildPhase section */

/* Begin PBXGroup section */
		98171C732C92738A00491BC7 = {
			isa = PBXGroup;
			children = (
				98171C7E2C92738A00491BC7 /* CheetahPlantBank */,
				98171C7D2C92738A00491BC7 /* Products */,
			);
			sourceTree = "<group>";
		};
		98171C7D2C92738A00491BC7 /* Products */ = {
			isa = PBXGroup;
			children = (
				98171C7C2C92738A00491BC7 /* CheetahPlantBank.app */,
			);
			name = Products;
			sourceTree = "<group>";
		};
		98171C7E2C92738A00491BC7 /* CheetahPlantBank */ = {
			isa = PBXGroup;
			children = (
				98171C7F2C92738A00491BC7 /* AppDelegate.swift */,
				98171C8B2C92738D00491BC7 /* Assets.xcassets */,
				98171C882C92738A00491BC7 /* CheetahPlantBank.xcdatamodeld */,
				98171C902C92738D00491BC7 /* Info.plist */,
				98171C812C92738A00491BC7 /* SceneDelegate.swift */,
				98171C8D2C92738D00491BC7 /* LaunchScreen.storyboard */,
				98171C852C92738A00491BC7 /* Main.storyboard */,
				98171C962C9275AE00491BC7 /* PlantDetailsTableViewController.swift */,
				9832BE622C9276B300E9C2DD /* PlantItem.swift */,
				9832BE642C92775C00E9C2DD /* PlantTextTableViewController.swift */,
			);
			path = CheetahPlantBank;
			sourceTree = "<group>";
		};
/* End PBXGroup section */

/* Begin PBXNativeTarget section */
		98171C7B2C92738A00491BC7 /* CheetahPlantBank */ = {
			isa = PBXNativeTarget;
			buildConfigurationList = 98171C932C92738D00491BC7 /* Build configuration list for PBXNativeTarget "CheetahPlantBank" */;
			buildPhases = (
				98171C782C92738A00491BC7 /* Sources */,
				98171C792C92738A00491BC7 /* Frameworks */,
				98171C7A2C92738A00491BC7 /* Resources */,
			);
			buildRules = (
			);
			dependencies = (
			);
			name = CheetahPlantBank;
			productName = CheetahPlantBank;
			productReference = 98171C7C2C92738A00491BC7 /* CheetahPlantBank.app */;
			productType = "com.apple.product-type.application";
		};
/* End PBXNativeTarget section */

/* Begin PBXProject section */
		98171C742C92738A00491BC7 /* Project object */ = {
			isa = PBXProject;
			attributes = {
				BuildIndependentTargetsInParallel = 1;
				LastSwiftUpdateCheck = 1520;
				LastUpgradeCheck = 1520;
				TargetAttributes = {
					98171C7B2C92738A00491BC7 = {
						CreatedOnToolsVersion = 15.2;
					};
				};
			};
			buildConfigurationList = 98171C772C92738A00491BC7 /* Build configuration list for PBXProject "CheetahPlantBank" */;
			compatibilityVersion = "Xcode 14.0";
			developmentRegion = en;
			hasScannedForEncodings = 0;
			knownRegions = (
				en,
				Base,
			);
			mainGroup = 98171C732C92738A00491BC7;
			productRefGroup = 98171C7D2C92738A00491BC7 /* Products */;
			projectDirPath = "";
			projectRoot = "";
			targets = (
				98171C7B2C92738A00491BC7 /* CheetahPlantBank */,
			);
		};
/* End PBXProject section */

/* Begin PBXResourcesBuildPhase section */
		98171C7A2C92738A00491BC7 /* Resources */ = {
			isa = PBXResourcesBuildPhase;
			buildActionMask = 2147483647;
			files = (
				98171C8F2C92738D00491BC7 /* LaunchScreen.storyboard in Resources */,
				98171C8C2C92738D00491BC7 /* Assets.xcassets in Resources */,
				98171C872C92738A00491BC7 /* Main.storyboard in Resources */,
			);
			runOnlyForDeploymentPostprocessing = 0;
		};
/* End PBXResourcesBuildPhase section */

/* Begin PBXSourcesBuildPhase section */
		98171C782C92738A00491BC7 /* Sources */ = {
			isa = PBXSourcesBuildPhase;
			buildActionMask = 2147483647;
			files = (
				98171C802C92738A00491BC7 /* AppDelegate.swift in Sources */,
				98171C8A2C92738A00491BC7 /* CheetahPlantBank.xcdatamodeld in Sources */,
				98171C972C9275AE00491BC7 /* PlantDetailsTableViewController.swift in Sources */,
				9832BE632C9276B300E9C2DD /* PlantItem.swift in Sources */,
				9832BE652C92775C00E9C2DD /* PlantTextTableViewController.swift in Sources */,
				98171C822C92738A00491BC7 /* SceneDelegate.swift in Sources */,
			);
			runOnlyForDeploymentPostprocessing = 0;
		};
/* End PBXSourcesBuildPhase section */

/* Begin PBXVariantGroup section */
		98171C852C92738A00491BC7 /* Main.storyboard */ = {
			isa = PBXVariantGroup;
			children = (
				98171C862C92738A00491BC7 /* Base */,
			);
			name = Main.storyboard;
			sourceTree = "<group>";
		};
		98171C8D2C92738D00491BC7 /* LaunchScreen.storyboard */ = {
			isa = PBXVariantGroup;
			children = (
				98171C8E2C92738D00491BC7 /* Base */,
			);
			name = LaunchScreen.storyboard;
			sourceTree = "<group>";
		};
/* End PBXVariantGroup section */

/* Begin XCBuildConfiguration section */
		98171C912C92738D00491BC7 /* Debug */ = {
			isa = XCBuildConfiguration;
			buildSettings = {
				ALWAYS_SEARCH_USER_PATHS = NO;
				ASSETCATALOG_COMPILER_GENERATE_SWIFT_ASSET_SYMBOL_EXTENSIONS = YES;
				CLANG_ANALYZER_NONNULL = YES;
				CLANG_ANALYZER_NUMBER_OBJECT_CONVERSION = YES_AGGRESSIVE;
				CLANG_CXX_LANGUAGE_STANDARD = "gnu++20";
				CLANG_ENABLE_MODULES = YES;
				CLANG_ENABLE_OBJC_ARC = YES;
				CLANG_ENABLE_OBJC_WEAK = YES;
				CLANG_WARN_BLOCK_CAPTURE_AUTORELEASING = YES;
				CLANG_WARN_BOOL_CONVERSION = YES;
				CLANG_WARN_COMMA = YES;
				CLANG_WARN_CONSTANT_CONVERSION = YES;
				CLANG_WARN_DEPRECATED_OBJC_IMPLEMENTATIONS = YES;
				CLANG_WARN_DIRECT_OBJC_ISA_USAGE = YES_ERROR;
				CLANG_WARN_DOCUMENTATION_COMMENTS = YES;
				CLANG_WARN_EMPTY_BODY = YES;
				CLANG_WARN_ENUM_CONVERSION = YES;
				CLANG_WARN_INFINITE_RECURSION = YES;
				CLANG_WARN_INT_CONVERSION = YES;
				CLANG_WARN_NON_LITERAL_NULL_CONVERSION = YES;
				CLANG_WARN_OBJC_IMPLICIT_RETAIN_SELF = YES;
				CLANG_WARN_OBJC_LITERAL_CONVERSION = YES;
				CLANG_WARN_OBJC_ROOT_CLASS = YES_ERROR;
				CLANG_WARN_QUOTED_INCLUDE_IN_FRAMEWORK_HEADER = YES;
				CLANG_WARN_RANGE_LOOP_ANALYSIS = YES;
				CLANG_WARN_STRICT_PROTOTYPES = YES;
				CLANG_WARN_SUSPICIOUS_MOVE = YES;
				CLANG_WARN_UNGUARDED_AVAILABILITY = YES_AGGRESSIVE;
				CLANG_WARN_UNREACHABLE_CODE = YES;
				CLANG_WARN__DUPLICATE_METHOD_MATCH = YES;
				COPY_PHASE_STRIP = NO;
				DEBUG_INFORMATION_FORMAT = dwarf;
				ENABLE_STRICT_OBJC_MSGSEND = YES;
				ENABLE_TESTABILITY = YES;
				ENABLE_USER_SCRIPT_SANDBOXING = YES;
				GCC_C_LANGUAGE_STANDARD = gnu17;
				GCC_DYNAMIC_NO_PIC = NO;
				GCC_NO_COMMON_BLOCKS = YES;
				GCC_OPTIMIZATION_LEVEL = 0;
				GCC_PREPROCESSOR_DEFINITIONS = (
					"DEBUG=1",
					"$(inherited)",
				);
				GCC_WARN_64_TO_32_BIT_CONVERSION = YES;
				GCC_WARN_ABOUT_RETURN_TYPE = YES_ERROR;
				GCC_WARN_UNDECLARED_SELECTOR = YES;
				GCC_WARN_UNINITIALIZED_AUTOS = YES_AGGRESSIVE;
				GCC_WARN_UNUSED_FUNCTION = YES;
				GCC_WARN_UNUSED_VARIABLE = YES;
				IPHONEOS_DEPLOYMENT_TARGET = 17.2;
				LOCALIZATION_PREFERS_STRING_CATALOGS = YES;
				MTL_ENABLE_DEBUG_INFO = INCLUDE_SOURCE;
				MTL_FAST_MATH = YES;
				ONLY_ACTIVE_ARCH = YES;
				SDKROOT = iphoneos;
				SWIFT_ACTIVE_COMPILATION_CONDITIONS = "DEBUG $(inherited)";
				SWIFT_OPTIMIZATION_LEVEL = "-Onone";
			};
			name = Debug;
		};
		98171C922C92738D00491BC7 /* Release */ = {
			isa = XCBuildConfiguration;
			buildSettings = {
				ALWAYS_SEARCH_USER_PATHS = NO;
				ASSETCATALOG_COMPILER_GENERATE_SWIFT_ASSET_SYMBOL_EXTENSIONS = YES;
				CLANG_ANALYZER_NONNULL = YES;
				CLANG_ANALYZER_NUMBER_OBJECT_CONVERSION = YES_AGGRESSIVE;
				CLANG_CXX_LANGUAGE_STANDARD = "gnu++20";
				CLANG_ENABLE_MODULES = YES;
				CLANG_ENABLE_OBJC_ARC = YES;
				CLANG_ENABLE_OBJC_WEAK = YES;
				CLANG_WARN_BLOCK_CAPTURE_AUTORELEASING = YES;
				CLANG_WARN_BOOL_CONVERSION = YES;
				CLANG_WARN_COMMA = YES;
				CLANG_WARN_CONSTANT_CONVERSION = YES;
				CLANG_WARN_DEPRECATED_OBJC_IMPLEMENTATIONS = YES;
				CLANG_WARN_DIRECT_OBJC_ISA_USAGE = YES_ERROR;
				CLANG_WARN_DOCUMENTATION_COMMENTS = YES;
				CLANG_WARN_EMPTY_BODY = YES;
				CLANG_WARN_ENUM_CONVERSION = YES;
				CLANG_WARN_INFINITE_RECURSION = YES;
				CLANG_WARN_INT_CONVERSION = YES;
				CLANG_WARN_NON_LITERAL_NULL_CONVERSION = YES;
				CLANG_WARN_OBJC_IMPLICIT_RETAIN_SELF = YES;
				CLANG_WARN_OBJC_LITERAL_CONVERSION = YES;
				CLANG_WARN_OBJC_ROOT_CLASS = YES_ERROR;
				CLANG_WARN_QUOTED_INCLUDE_IN_FRAMEWORK_HEADER = YES;
				CLANG_WARN_RANGE_LOOP_ANALYSIS = YES;
				CLANG_WARN_STRICT_PROTOTYPES = YES;
				CLANG_WARN_SUSPICIOUS_MOVE = YES;
				CLANG_WARN_UNGUARDED_AVAILABILITY = YES_AGGRESSIVE;
				CLANG_WARN_UNREACHABLE_CODE = YES;
				CLANG_WARN__DUPLICATE_METHOD_MATCH = YES;
				COPY_PHASE_STRIP = NO;
				DEBUG_INFORMATION_FORMAT = "dwarf-with-dsym";
				ENABLE_NS_ASSERTIONS = NO;
				ENABLE_STRICT_OBJC_MSGSEND = YES;
				ENABLE_USER_SCRIPT_SANDBOXING = YES;
				GCC_C_LANGUAGE_STANDARD = gnu17;
				GCC_NO_COMMON_BLOCKS = YES;
				GCC_WARN_64_TO_32_BIT_CONVERSION = YES;
				GCC_WARN_ABOUT_RETURN_TYPE = YES_ERROR;
				GCC_WARN_UNDECLARED_SELECTOR = YES;
				GCC_WARN_UNINITIALIZED_AUTOS = YES_AGGRESSIVE;
				GCC_WARN_UNUSED_FUNCTION = YES;
				GCC_WARN_UNUSED_VARIABLE = YES;
				IPHONEOS_DEPLOYMENT_TARGET = 17.2;
				LOCALIZATION_PREFERS_STRING_CATALOGS = YES;
				MTL_ENABLE_DEBUG_INFO = NO;
				MTL_FAST_MATH = YES;
				SDKROOT = iphoneos;
				SWIFT_COMPILATION_MODE = wholemodule;
				VALIDATE_PRODUCT = YES;
			};
			name = Release;
		};
		98171C942C92738D00491BC7 /* Debug */ = {
			isa = XCBuildConfiguration;
			buildSettings = {
				ASSETCATALOG_COMPILER_APPICON_NAME = AppIcon;
				ASSETCATALOG_COMPILER_GLOBAL_ACCENT_COLOR_NAME = AccentColor;
				CODE_SIGN_STYLE = Automatic;
				CURRENT_PROJECT_VERSION = 1;
				DEVELOPMENT_TEAM = 8U5J6FQNN2;
				GENERATE_INFOPLIST_FILE = YES;
				INFOPLIST_FILE = CheetahPlantBank/Info.plist;
				INFOPLIST_KEY_NSCameraUsageDescription = "Take Photo for Plant";
				INFOPLIST_KEY_NSPhotoLibraryUsageDescription = "Add Photo for Plant";
				INFOPLIST_KEY_UIApplicationSupportsIndirectInputEvents = YES;
				INFOPLIST_KEY_UILaunchStoryboardName = LaunchScreen;
				INFOPLIST_KEY_UIMainStoryboardFile = Main;
				INFOPLIST_KEY_UISupportedInterfaceOrientations = UIInterfaceOrientationPortrait;
				IPHONEOS_DEPLOYMENT_TARGET = 15.0;
				LD_RUNPATH_SEARCH_PATHS = (
					"$(inherited)",
					"@executable_path/Frameworks",
				);
				MARKETING_VERSION = 1.0;
				PRODUCT_BUNDLE_IDENTIFIER = com.NickFoxBorer.CheetahPlantBank;
				PRODUCT_NAME = "$(TARGET_NAME)";
				SWIFT_EMIT_LOC_STRINGS = YES;
				SWIFT_VERSION = 5.0;
				TARGETED_DEVICE_FAMILY = "1,2";
			};
			name = Debug;
		};
		98171C952C92738D00491BC7 /* Release */ = {
			isa = XCBuildConfiguration;
			buildSettings = {
				ASSETCATALOG_COMPILER_APPICON_NAME = AppIcon;
				ASSETCATALOG_COMPILER_GLOBAL_ACCENT_COLOR_NAME = AccentColor;
				CODE_SIGN_STYLE = Automatic;
				CURRENT_PROJECT_VERSION = 1;
				DEVELOPMENT_TEAM = 8U5J6FQNN2;
				GENERATE_INFOPLIST_FILE = YES;
				INFOPLIST_FILE = CheetahPlantBank/Info.plist;
				INFOPLIST_KEY_NSCameraUsageDescription = "Take Photo for Plant";
				INFOPLIST_KEY_NSPhotoLibraryUsageDescription = "Add Photo for Plant";
				INFOPLIST_KEY_UIApplicationSupportsIndirectInputEvents = YES;
				INFOPLIST_KEY_UILaunchStoryboardName = LaunchScreen;
				INFOPLIST_KEY_UIMainStoryboardFile = Main;
				INFOPLIST_KEY_UISupportedInterfaceOrientations = UIInterfaceOrientationPortrait;
				IPHONEOS_DEPLOYMENT_TARGET = 15.0;
				LD_RUNPATH_SEARCH_PATHS = (
					"$(inherited)",
					"@executable_path/Frameworks",
				);
				MARKETING_VERSION = 1.0;
				PRODUCT_BUNDLE_IDENTIFIER = com.NickFoxBorer.CheetahPlantBank;
				PRODUCT_NAME = "$(TARGET_NAME)";
				SWIFT_EMIT_LOC_STRINGS = YES;
				SWIFT_VERSION = 5.0;
				TARGETED_DEVICE_FAMILY = "1,2";
			};
			name = Release;
		};
/* End XCBuildConfiguration section */

/* Begin XCConfigurationList section */
		98171C772C92738A00491BC7 /* Build configuration list for PBXProject "CheetahPlantBank" */ = {
			isa = XCConfigurationList;
			buildConfigurations = (
				98171C912C92738D00491BC7 /* Debug */,
				98171C922C92738D00491BC7 /* Release */,
			);
			defaultConfigurationIsVisible = 0;
			defaultConfigurationName = Release;
		};
		98171C932C92738D00491BC7 /* Build configuration list for PBXNativeTarget "CheetahPlantBank" */ = {
			isa = XCConfigurationList;
			buildConfigurations = (
				98171C942C92738D00491BC7 /* Debug */,
				98171C952C92738D00491BC7 /* Release */,
			);
			defaultConfigurationIsVisible = 0;
			defaultConfigurationName = Release;
		};
/* End XCConfigurationList section */

/* Begin XCVersionGroup section */
		98171C882C92738A00491BC7 /* CheetahPlantBank.xcdatamodeld */ = {
			isa = XCVersionGroup;
			children = (
				98171C892C92738A00491BC7 /* CheetahPlantBank.xcdatamodel */,
			);
			currentVersion = 98171C892C92738A00491BC7 /* CheetahPlantBank.xcdatamodel */;
			path = CheetahPlantBank.xcdatamodeld;
			sourceTree = "<group>";
			versionGroupType = wrapper.xcdatamodel;
		};
/* End XCVersionGroup section */
	};
	rootObject = 98171C742C92738A00491BC7 /* Project object */;
}
